{
  "version": 4,
  "terraform_version": "1.7.4",
  "serial": 28,
  "lineage": "ed137ab8-ad91-7203-bdb6-b03e08e4c23d",
  "outputs": {},
  "resources": [
    {
      "mode": "managed",
      "type": "azurerm_app_service",
      "name": "app",
      "provider": "provider[\"registry.terraform.io/hashicorp/azurerm\"]",
      "instances": [
        {
          "schema_version": 0,
          "attributes": {
            "app_service_plan_id": "/subscriptions/23f20e03-1ba9-49c4-bb6a-5ad7c881607d/resourceGroups/Homework3ResourcesV2/providers/Microsoft.Web/serverFarms/omerullah",
            "app_settings": {
              "WEBSITE_NODE_DEFAULT_VERSION": "6.9.1"
            },
            "auth_settings": [
              {
                "active_directory": [],
                "additional_login_params": {},
                "allowed_external_redirect_urls": [],
                "default_provider": "",
                "enabled": false,
                "facebook": [],
                "google": [],
                "issuer": "",
                "microsoft": [],
                "runtime_version": "",
                "token_refresh_extension_hours": 0,
                "token_store_enabled": false,
                "twitter": [],
                "unauthenticated_client_action": ""
              }
            ],
            "backup": [],
            "client_affinity_enabled": false,
            "client_cert_enabled": false,
            "client_cert_mode": "Required",
            "connection_string": [],
            "custom_domain_verification_id": "CFE627F34647D14BB5040B0DFFFD37C6605D2CF7819CB1F0FF47FA8201D140D1",
            "default_site_hostname": "omerullahs-biography-page.azurewebsites.net",
            "enabled": true,
            "https_only": false,
            "id": "/subscriptions/23f20e03-1ba9-49c4-bb6a-5ad7c881607d/resourceGroups/Homework3ResourcesV2/providers/Microsoft.Web/sites/omerullahs-biography-page",
            "identity": [],
            "key_vault_reference_identity_id": "SystemAssigned",
            "location": "eastus",
            "logs": [
              {
                "application_logs": [
                  {
                    "azure_blob_storage": [],
                    "file_system_level": "Off"
                  }
                ],
                "detailed_error_messages_enabled": false,
                "failed_request_tracing_enabled": false,
                "http_logs": [
                  {
                    "azure_blob_storage": [],
                    "file_system": []
                  }
                ]
              }
            ],
            "name": "omerullahs-biography-page",
            "outbound_ip_address_list": [
              "20.185.73.100",
              "20.185.73.146",
              "20.185.73.251",
              "20.185.74.178",
              "20.185.75.186",
              "20.185.77.62",
              "20.119.16.36"
            ],
            "outbound_ip_addresses": "20.185.73.100,20.185.73.146,20.185.73.251,20.185.74.178,20.185.75.186,20.185.77.62,20.119.16.36",
            "possible_outbound_ip_address_list": [
              "20.185.73.100",
              "20.185.73.146",
              "20.185.73.251",
              "20.185.74.178",
              "20.185.75.186",
              "20.185.77.62",
              "20.185.77.112",
              "20.185.77.206",
              "20.185.78.35",
              "20.185.79.26",
              "20.185.79.59",
              "20.185.79.77",
              "20.185.79.81",
              "20.185.79.87",
              "20.185.79.95",
              "20.185.79.150",
              "20.185.79.165",
              "20.185.79.191",
              "20.185.79.230",
              "52.142.24.179",
              "52.142.25.90",
              "52.142.25.113",
              "52.142.25.218",
              "20.185.79.101",
              "52.142.26.120",
              "52.142.26.147",
              "52.142.26.254",
              "52.142.27.11",
              "52.142.27.69",
              "52.142.27.163",
              "20.119.16.36"
            ],
            "possible_outbound_ip_addresses": "20.185.73.100,20.185.73.146,20.185.73.251,20.185.74.178,20.185.75.186,20.185.77.62,20.185.77.112,20.185.77.206,20.185.78.35,20.185.79.26,20.185.79.59,20.185.79.77,20.185.79.81,20.185.79.87,20.185.79.95,20.185.79.150,20.185.79.165,20.185.79.191,20.185.79.230,52.142.24.179,52.142.25.90,52.142.25.113,52.142.25.218,20.185.79.101,52.142.26.120,52.142.26.147,52.142.26.254,52.142.27.11,52.142.27.69,52.142.27.163,20.119.16.36",
            "resource_group_name": "Homework3ResourcesV2",
            "site_config": [
              {
                "acr_use_managed_identity_credentials": false,
                "acr_user_managed_identity_client_id": "",
                "always_on": false,
                "app_command_line": "",
                "auto_swap_slot_name": "",
                "cors": [],
                "default_documents": [
                  "Default.htm",
                  "Default.html",
                  "Default.asp",
                  "index.htm",
                  "index.html",
                  "iisstart.htm",
                  "default.aspx",
                  "index.php",
                  "hostingstart.html"
                ],
                "dotnet_framework_version": "v4.0",
                "ftps_state": "FtpsOnly",
                "health_check_path": "",
                "http2_enabled": false,
                "ip_restriction": [],
                "java_container": "",
                "java_container_version": "",
                "java_version": "",
                "linux_fx_version": "",
                "local_mysql_enabled": false,
                "managed_pipeline_mode": "Integrated",
                "min_tls_version": "1.2",
                "number_of_workers": 1,
                "php_version": "5.6",
                "python_version": "",
                "remote_debugging_enabled": false,
                "remote_debugging_version": "",
                "scm_ip_restriction": [],
                "scm_type": "None",
                "scm_use_main_ip_restriction": false,
                "use_32_bit_worker_process": true,
                "vnet_route_all_enabled": false,
                "websockets_enabled": false,
                "windows_fx_version": ""
              }
            ],
            "site_credential": [
              {
                "password": "3smLzBsp3ko6kNRqLm2jYd20XMBlrFfEgCJHAcgpSxlDfhYJgxJ7h5LPN4dg",
                "username": "$omerullahs-biography-page"
              }
            ],
            "source_control": [
              {
                "branch": "main",
                "manual_integration": false,
                "repo_url": "",
                "rollback_enabled": false,
                "use_mercurial": false
              }
            ],
            "storage_account": [],
            "tags": null,
            "timeouts": null
          },
          "sensitive_attributes": [],
          "private": "eyJlMmJmYjczMC1lY2FhLTExZTYtOGY4OC0zNDM2M2JjN2M0YzAiOnsiY3JlYXRlIjoxODAwMDAwMDAwMDAwLCJkZWxldGUiOjE4MDAwMDAwMDAwMDAsInJlYWQiOjMwMDAwMDAwMDAwMCwidXBkYXRlIjoxODAwMDAwMDAwMDAwfX0=",
          "dependencies": [
            "azurerm_app_service_plan.asp",
            "azurerm_resource_group.rg"
          ]
        }
      ]
    },
    {
      "mode": "managed",
      "type": "azurerm_app_service_plan",
      "name": "asp",
      "provider": "provider[\"registry.terraform.io/hashicorp/azurerm\"]",
      "instances": [
        {
          "schema_version": 1,
          "attributes": {
            "app_service_environment_id": "",
            "id": "/subscriptions/23f20e03-1ba9-49c4-bb6a-5ad7c881607d/resourceGroups/Homework3ResourcesV2/providers/Microsoft.Web/serverFarms/omerullah",
            "is_xenon": false,
            "kind": "Windows",
            "location": "eastus",
            "maximum_elastic_worker_count": 1,
            "maximum_number_of_workers": 1,
            "name": "omerullah",
            "per_site_scaling": false,
            "reserved": false,
            "resource_group_name": "Homework3ResourcesV2",
            "sku": [
              {
                "capacity": 0,
                "size": "F1",
                "tier": "Free"
              }
            ],
            "tags": null,
            "timeouts": null,
            "zone_redundant": false
          },
          "sensitive_attributes": [],
          "private": "eyJlMmJmYjczMC1lY2FhLTExZTYtOGY4OC0zNDM2M2JjN2M0YzAiOnsiY3JlYXRlIjozNjAwMDAwMDAwMDAwLCJkZWxldGUiOjM2MDAwMDAwMDAwMDAsInJlYWQiOjMwMDAwMDAwMDAwMCwidXBkYXRlIjozNjAwMDAwMDAwMDAwfSwic2NoZW1hX3ZlcnNpb24iOiIxIn0=",
          "dependencies": [
            "azurerm_resource_group.rg"
          ]
        }
      ]
    },
    {
      "mode": "managed",
      "type": "azurerm_resource_group",
      "name": "rg",
      "provider": "provider[\"registry.terraform.io/hashicorp/azurerm\"]",
      "instances": [
        {
          "schema_version": 0,
          "attributes": {
            "id": "/subscriptions/23f20e03-1ba9-49c4-bb6a-5ad7c881607d/resourceGroups/Homework3ResourcesV2",
            "location": "eastus",
            "managed_by": "",
            "name": "Homework3ResourcesV2",
            "tags": null,
            "timeouts": null
          },
          "sensitive_attributes": [],
          "private": "eyJlMmJmYjczMC1lY2FhLTExZTYtOGY4OC0zNDM2M2JjN2M0YzAiOnsiY3JlYXRlIjo1NDAwMDAwMDAwMDAwLCJkZWxldGUiOjU0MDAwMDAwMDAwMDAsInJlYWQiOjMwMDAwMDAwMDAwMCwidXBkYXRlIjo1NDAwMDAwMDAwMDAwfX0="
        }
      ]
    }
  ],
  "check_results": null
}
