{
  "version": 4,
  "terraform_version": "1.7.4",
  "serial": 5,
  "lineage": "ed137ab8-ad91-7203-bdb6-b03e08e4c23d",
  "outputs": {
    "app_service_url": {
      "value": "homework3webapp.azurewebsites.net",
      "type": "string"
    }
  },
  "resources": [
    {
      "mode": "managed",
      "type": "azurerm_app_service",
      "name": "homework3",
      "provider": "provider[\"registry.terraform.io/hashicorp/azurerm\"]",
      "instances": [
        {
          "schema_version": 0,
          "attributes": {
            "app_service_plan_id": "/subscriptions/f72c116f-8db0-4b10-956d-bc8afb73efe7/resourceGroups/Homework3ResourcesV2/providers/Microsoft.Web/serverFarms/Homework3AppServicePlan",
            "app_settings": {},
            "auth_settings": [
              {
                "active_directory": [],
                "additional_login_params": {},
                "allowed_external_redirect_urls": [],
                "default_provider": "",
                "enabled": false,
                "facebook": [],
                "google": [],
                "issuer": "",
                "microsoft": [],
                "runtime_version": "",
                "token_refresh_extension_hours": 0,
                "token_store_enabled": false,
                "twitter": [],
                "unauthenticated_client_action": ""
              }
            ],
            "backup": [],
            "client_affinity_enabled": false,
            "client_cert_enabled": false,
            "client_cert_mode": "Required",
            "connection_string": [],
            "custom_domain_verification_id": "A4251E90B4E328A18624F3B5DBAE3BDE792695E5AAB89909045B36C9308B6A5B",
            "default_site_hostname": "homework3webapp.azurewebsites.net",
            "enabled": true,
            "https_only": false,
            "id": "/subscriptions/f72c116f-8db0-4b10-956d-bc8afb73efe7/resourceGroups/Homework3ResourcesV2/providers/Microsoft.Web/sites/Homework3WebApp",
            "identity": [],
            "key_vault_reference_identity_id": "SystemAssigned",
            "location": "eastus",
            "logs": [
              {
                "application_logs": [
                  {
                    "azure_blob_storage": [],
                    "file_system_level": "Off"
                  }
                ],
                "detailed_error_messages_enabled": false,
                "failed_request_tracing_enabled": false,
                "http_logs": [
                  {
                    "azure_blob_storage": [],
                    "file_system": []
                  }
                ]
              }
            ],
            "name": "Homework3WebApp",
            "outbound_ip_address_list": [
              "20.232.85.129",
              "20.232.86.76",
              "20.232.87.25",
              "20.232.87.238",
              "20.242.209.69",
              "20.242.210.13",
              "20.85.173.5",
              "20.85.173.101",
              "20.85.173.156",
              "20.85.173.167",
              "20.85.173.178",
              "20.85.174.39",
              "20.119.8.48"
            ],
            "outbound_ip_addresses": "20.232.85.129,20.232.86.76,20.232.87.25,20.232.87.238,20.242.209.69,20.242.210.13,20.85.173.5,20.85.173.101,20.85.173.156,20.85.173.167,20.85.173.178,20.85.174.39,20.119.8.48",
            "possible_outbound_ip_address_list": [
              "20.232.85.129",
              "20.232.86.76",
              "20.232.87.25",
              "20.232.87.238",
              "20.242.209.69",
              "20.242.210.13",
              "20.85.173.5",
              "20.85.173.101",
              "20.85.173.156",
              "20.85.173.167",
              "20.85.173.178",
              "20.85.174.39",
              "20.85.174.110",
              "20.121.249.26",
              "20.121.252.94",
              "20.121.253.96",
              "20.121.254.80",
              "20.121.254.174",
              "20.121.255.96",
              "20.121.255.217",
              "20.232.80.57",
              "20.232.81.161",
              "20.232.82.42",
              "20.232.84.63",
              "20.232.85.129",
              "20.232.86.76",
              "20.232.87.25",
              "20.232.87.238",
              "20.242.209.69",
              "20.242.210.13",
              "20.242.210.198",
              "20.242.210.211",
              "20.242.211.205",
              "20.242.212.125",
              "20.242.213.81",
              "20.242.214.136",
              "20.119.8.48"
            ],
            "possible_outbound_ip_addresses": "20.232.85.129,20.232.86.76,20.232.87.25,20.232.87.238,20.242.209.69,20.242.210.13,20.85.173.5,20.85.173.101,20.85.173.156,20.85.173.167,20.85.173.178,20.85.174.39,20.85.174.110,20.121.249.26,20.121.252.94,20.121.253.96,20.121.254.80,20.121.254.174,20.121.255.96,20.121.255.217,20.232.80.57,20.232.81.161,20.232.82.42,20.232.84.63,20.232.85.129,20.232.86.76,20.232.87.25,20.232.87.238,20.242.209.69,20.242.210.13,20.242.210.198,20.242.210.211,20.242.211.205,20.242.212.125,20.242.213.81,20.242.214.136,20.119.8.48",
            "resource_group_name": "Homework3ResourcesV2",
            "site_config": [
              {
                "acr_use_managed_identity_credentials": false,
                "acr_user_managed_identity_client_id": "",
                "always_on": false,
                "app_command_line": "",
                "auto_swap_slot_name": "",
                "cors": [],
                "default_documents": [
                  "Default.htm",
                  "Default.html",
                  "Default.asp",
                  "index.htm",
                  "index.html",
                  "iisstart.htm",
                  "default.aspx",
                  "index.php",
                  "hostingstart.html"
                ],
                "dotnet_framework_version": "v4.0",
                "ftps_state": "FtpsOnly",
                "health_check_path": "",
                "http2_enabled": false,
                "ip_restriction": [],
                "java_container": "",
                "java_container_version": "",
                "java_version": "",
                "linux_fx_version": "",
                "local_mysql_enabled": false,
                "managed_pipeline_mode": "Integrated",
                "min_tls_version": "1.2",
                "number_of_workers": 1,
                "php_version": "",
                "python_version": "",
                "remote_debugging_enabled": false,
                "remote_debugging_version": "",
                "scm_ip_restriction": [],
                "scm_type": "None",
                "scm_use_main_ip_restriction": false,
                "use_32_bit_worker_process": true,
                "vnet_route_all_enabled": false,
                "websockets_enabled": false,
                "windows_fx_version": ""
              }
            ],
            "site_credential": [
              {
                "password": "svrkAkWs2rTm1E7cR51zZuhTxwuCaj5DJrsdrRmcDJsYTxdvJFYHKxk8LcGn",
                "username": "$Homework3WebApp"
              }
            ],
            "source_control": [
              {
                "branch": "main",
                "manual_integration": false,
                "repo_url": "",
                "rollback_enabled": false,
                "use_mercurial": false
              }
            ],
            "storage_account": [],
            "tags": null,
            "timeouts": null
          },
          "sensitive_attributes": [],
          "private": "eyJlMmJmYjczMC1lY2FhLTExZTYtOGY4OC0zNDM2M2JjN2M0YzAiOnsiY3JlYXRlIjoxODAwMDAwMDAwMDAwLCJkZWxldGUiOjE4MDAwMDAwMDAwMDAsInJlYWQiOjMwMDAwMDAwMDAwMCwidXBkYXRlIjoxODAwMDAwMDAwMDAwfX0=",
          "dependencies": [
            "azurerm_app_service_plan.homework3",
            "azurerm_resource_group.homework3"
          ]
        }
      ]
    },
    {
      "mode": "managed",
      "type": "azurerm_app_service_plan",
      "name": "homework3",
      "provider": "provider[\"registry.terraform.io/hashicorp/azurerm\"]",
      "instances": [
        {
          "schema_version": 1,
          "attributes": {
            "app_service_environment_id": "",
            "id": "/subscriptions/f72c116f-8db0-4b10-956d-bc8afb73efe7/resourceGroups/Homework3ResourcesV2/providers/Microsoft.Web/serverFarms/Homework3AppServicePlan",
            "is_xenon": false,
            "kind": "linux",
            "location": "eastus",
            "maximum_elastic_worker_count": 1,
            "maximum_number_of_workers": 1,
            "name": "Homework3AppServicePlan",
            "per_site_scaling": false,
            "reserved": true,
            "resource_group_name": "Homework3ResourcesV2",
            "sku": [
              {
                "capacity": 1,
                "size": "F1",
                "tier": "Free"
              }
            ],
            "tags": null,
            "timeouts": null,
            "zone_redundant": false
          },
          "sensitive_attributes": [],
          "private": "eyJlMmJmYjczMC1lY2FhLTExZTYtOGY4OC0zNDM2M2JjN2M0YzAiOnsiY3JlYXRlIjozNjAwMDAwMDAwMDAwLCJkZWxldGUiOjM2MDAwMDAwMDAwMDAsInJlYWQiOjMwMDAwMDAwMDAwMCwidXBkYXRlIjozNjAwMDAwMDAwMDAwfSwic2NoZW1hX3ZlcnNpb24iOiIxIn0=",
          "dependencies": [
            "azurerm_resource_group.homework3"
          ]
        }
      ]
    },
    {
      "mode": "managed",
      "type": "azurerm_resource_group",
      "name": "homework3",
      "provider": "provider[\"registry.terraform.io/hashicorp/azurerm\"]",
      "instances": [
        {
          "schema_version": 0,
          "attributes": {
            "id": "/subscriptions/f72c116f-8db0-4b10-956d-bc8afb73efe7/resourceGroups/Homework3ResourcesV2",
            "location": "eastus",
            "managed_by": "",
            "name": "Homework3ResourcesV2",
            "tags": null,
            "timeouts": null
          },
          "sensitive_attributes": [],
          "private": "eyJlMmJmYjczMC1lY2FhLTExZTYtOGY4OC0zNDM2M2JjN2M0YzAiOnsiY3JlYXRlIjo1NDAwMDAwMDAwMDAwLCJkZWxldGUiOjU0MDAwMDAwMDAwMDAsInJlYWQiOjMwMDAwMDAwMDAwMCwidXBkYXRlIjo1NDAwMDAwMDAwMDAwfX0="
        }
      ]
    }
  ],
  "check_results": null
}
